// !$*UTF8*$!
{
	archiveVersion = 1;
	classes = {
	};
	objectVersion = 46;
	objects = {

/* Begin PBXBuildFile section */
		2C6DF23D620C49BFA6297186 /* libPods-LKImagePickerControllerDemo.a in Frameworks */ = {isa = PBXBuildFile; fileRef = 40EE24068165439CA7807C50 /* libPods-LKImagePickerControllerDemo.a */; };
		BC074A131960D3A900144C47 /* Cocoa.framework in Frameworks */ = {isa = PBXBuildFile; fileRef = BC074A121960D3A900144C47 /* Cocoa.framework */; };
		BC074A1D1960D3A900144C47 /* InfoPlist.strings in Resources */ = {isa = PBXBuildFile; fileRef = BC074A1B1960D3A900144C47 /* InfoPlist.strings */; };
		BC074A291960D3F400144C47 /* LKImagePickerControllerDetailCell.xib in Resources */ = {isa = PBXBuildFile; fileRef = BC074A221960D3F400144C47 /* LKImagePickerControllerDetailCell.xib */; };
		BC074A2A1960D3F400144C47 /* LKImagePickerControllerDetailViewController.xib in Resources */ = {isa = PBXBuildFile; fileRef = BC074A231960D3F400144C47 /* LKImagePickerControllerDetailViewController.xib */; };
		BC074A2D1960D3F400144C47 /* LKImagePickerControllerSelectCell.xib in Resources */ = {isa = PBXBuildFile; fileRef = BC074A261960D3F400144C47 /* LKImagePickerControllerSelectCell.xib */; };
		BC074A2E1960D3F400144C47 /* LKImagePickerControllerSelectHeaderView.xib in Resources */ = {isa = PBXBuildFile; fileRef = BC074A271960D3F400144C47 /* LKImagePickerControllerSelectHeaderView.xib */; };
		BC074A2F1960D3F400144C47 /* LKImagePickerControllerSelectViewController.xib in Resources */ = {isa = PBXBuildFile; fileRef = BC074A281960D3F400144C47 /* LKImagePickerControllerSelectViewController.xib */; };
		BC074A361960DBBE00144C47 /* LKImagePickerController_Icon_Video.png in Resources */ = {isa = PBXBuildFile; fileRef = BC074A351960DBBE00144C47 /* LKImagePickerController_Icon_Video.png */; };
		BC074A3919610DAB00144C47 /* Localizable.strings in Resources */ = {isa = PBXBuildFile; fileRef = BC074A3B19610DAB00144C47 /* Localizable.strings */; };
		BC074A451961161800144C47 /* LKImagePickerControllerGroupTableViewCell.xib in Resources */ = {isa = PBXBuildFile; fileRef = BC074A441961161800144C47 /* LKImagePickerControllerGroupTableViewCell.xib */; };
		BC11E59619650B0D0082D882 /* LKImagePickerController_Icon_NoPics.png in Resources */ = {isa = PBXBuildFile; fileRef = BC11E59519650B0D0082D882 /* LKImagePickerController_Icon_NoPics.png */; };
		BC11E59D19650DA00082D882 /* LKImagePickerControllerEmptyView.xib in Resources */ = {isa = PBXBuildFile; fileRef = BC11E59C19650DA00082D882 /* LKImagePickerControllerEmptyView.xib */; };
		BC2A376C19397F9600C672B7 /* Foundation.framework in Frameworks */ = {isa = PBXBuildFile; fileRef = BC2A376B19397F9600C672B7 /* Foundation.framework */; };
		BC2A376E19397F9600C672B7 /* CoreGraphics.framework in Frameworks */ = {isa = PBXBuildFile; fileRef = BC2A376D19397F9600C672B7 /* CoreGraphics.framework */; };
		BC2A377019397F9600C672B7 /* UIKit.framework in Frameworks */ = {isa = PBXBuildFile; fileRef = BC2A376F19397F9600C672B7 /* UIKit.framework */; };
		BC2A377619397F9600C672B7 /* InfoPlist.strings in Resources */ = {isa = PBXBuildFile; fileRef = BC2A377419397F9600C672B7 /* InfoPlist.strings */; };
		BC2A377819397F9600C672B7 /* main.m in Sources */ = {isa = PBXBuildFile; fileRef = BC2A377719397F9600C672B7 /* main.m */; };
		BC2A377C19397F9600C672B7 /* AppDelegate.m in Sources */ = {isa = PBXBuildFile; fileRef = BC2A377B19397F9600C672B7 /* AppDelegate.m */; };
		BC2A377F19397F9600C672B7 /* Main_iPhone.storyboard in Resources */ = {isa = PBXBuildFile; fileRef = BC2A377D19397F9600C672B7 /* Main_iPhone.storyboard */; };
		BC2A378219397F9600C672B7 /* Main_iPad.storyboard in Resources */ = {isa = PBXBuildFile; fileRef = BC2A378019397F9600C672B7 /* Main_iPad.storyboard */; };
		BC2A378519397F9600C672B7 /* ViewController.m in Sources */ = {isa = PBXBuildFile; fileRef = BC2A378419397F9600C672B7 /* ViewController.m */; };
		BC2A378719397F9600C672B7 /* Images.xcassets in Resources */ = {isa = PBXBuildFile; fileRef = BC2A378619397F9600C672B7 /* Images.xcassets */; };
		BC2A378E19397F9600C672B7 /* XCTest.framework in Frameworks */ = {isa = PBXBuildFile; fileRef = BC2A378D19397F9600C672B7 /* XCTest.framework */; };
		BC2A378F19397F9600C672B7 /* Foundation.framework in Frameworks */ = {isa = PBXBuildFile; fileRef = BC2A376B19397F9600C672B7 /* Foundation.framework */; };
		BC2A379019397F9600C672B7 /* UIKit.framework in Frameworks */ = {isa = PBXBuildFile; fileRef = BC2A376F19397F9600C672B7 /* UIKit.framework */; };
		BC2A379819397F9600C672B7 /* InfoPlist.strings in Resources */ = {isa = PBXBuildFile; fileRef = BC2A379619397F9600C672B7 /* InfoPlist.strings */; };
		BC2A379A19397F9600C672B7 /* LKImagePickerControllerDemoTests.m in Sources */ = {isa = PBXBuildFile; fileRef = BC2A379919397F9600C672B7 /* LKImagePickerControllerDemoTests.m */; };
		BCDBB1391D86108D00CC9EB2 /* LKImagePickerController_ButtonBack.png in Resources */ = {isa = PBXBuildFile; fileRef = BCDBB1381D86108D00CC9EB2 /* LKImagePickerController_ButtonBack.png */; };
		BCDBB1711D88167800CC9EB2 /* LKImagePickerController_IconPosted.png in Resources */ = {isa = PBXBuildFile; fileRef = BCDBB1701D88167800CC9EB2 /* LKImagePickerController_IconPosted.png */; };
/* End PBXBuildFile section */

/* Begin PBXContainerItemProxy section */
		BC2A379119397F9600C672B7 /* PBXContainerItemProxy */ = {
			isa = PBXContainerItemProxy;
			containerPortal = BC2A376019397F9600C672B7 /* Project object */;
			proxyType = 1;
			remoteGlobalIDString = BC2A376719397F9600C672B7;
			remoteInfo = LKImagePickerControllerDemo;
		};
		BC66744819B3EB2400C1F92C /* PBXContainerItemProxy */ = {
			isa = PBXContainerItemProxy;
			containerPortal = BC2A376019397F9600C672B7 /* Project object */;
			proxyType = 1;
			remoteGlobalIDString = BC074A101960D3A800144C47;
			remoteInfo = "LKImagePickerController-Resources";
		};
/* End PBXContainerItemProxy section */

/* Begin PBXFileReference section */
		221470A05E72C96C09EEDA87 /* Pods-LKImagePickerControllerDemo.release.xcconfig */ = {isa = PBXFileReference; includeInIndex = 1; lastKnownFileType = text.xcconfig; name = "Pods-LKImagePickerControllerDemo.release.xcconfig"; path = "Pods/Target Support Files/Pods-LKImagePickerControllerDemo/Pods-LKImagePickerControllerDemo.release.xcconfig"; sourceTree = "<group>"; };
		40EE24068165439CA7807C50 /* libPods-LKImagePickerControllerDemo.a */ = {isa = PBXFileReference; explicitFileType = archive.ar; includeInIndex = 0; path = "libPods-LKImagePickerControllerDemo.a"; sourceTree = BUILT_PRODUCTS_DIR; };
		BC074A111960D3A800144C47 /* LKImagePickerController-Resources.bundle */ = {isa = PBXFileReference; explicitFileType = wrapper.cfbundle; includeInIndex = 0; path = "LKImagePickerController-Resources.bundle"; sourceTree = BUILT_PRODUCTS_DIR; };
		BC074A121960D3A900144C47 /* Cocoa.framework */ = {isa = PBXFileReference; lastKnownFileType = wrapper.framework; name = Cocoa.framework; path = Library/Frameworks/Cocoa.framework; sourceTree = DEVELOPER_DIR; };
		BC074A151960D3A900144C47 /* Foundation.framework */ = {isa = PBXFileReference; lastKnownFileType = wrapper.framework; name = Foundation.framework; path = Library/Frameworks/Foundation.framework; sourceTree = SDKROOT; };
		BC074A161960D3A900144C47 /* CoreData.framework */ = {isa = PBXFileReference; lastKnownFileType = wrapper.framework; name = CoreData.framework; path = Library/Frameworks/CoreData.framework; sourceTree = SDKROOT; };
		BC074A171960D3A900144C47 /* AppKit.framework */ = {isa = PBXFileReference; lastKnownFileType = wrapper.framework; name = AppKit.framework; path = Library/Frameworks/AppKit.framework; sourceTree = SDKROOT; };
		BC074A1A1960D3A900144C47 /* LKImagePickerController-Resources-Info.plist */ = {isa = PBXFileReference; lastKnownFileType = text.plist.xml; path = "LKImagePickerController-Resources-Info.plist"; sourceTree = "<group>"; };
		BC074A1C1960D3A900144C47 /* en */ = {isa = PBXFileReference; lastKnownFileType = text.plist.strings; name = en; path = en.lproj/InfoPlist.strings; sourceTree = "<group>"; };
		BC074A1E1960D3A900144C47 /* LKImagePickerController-Resources-Prefix.pch */ = {isa = PBXFileReference; lastKnownFileType = sourcecode.c.h; path = "LKImagePickerController-Resources-Prefix.pch"; sourceTree = "<group>"; };
		BC074A221960D3F400144C47 /* LKImagePickerControllerDetailCell.xib */ = {isa = PBXFileReference; fileEncoding = 4; lastKnownFileType = file.xib; path = LKImagePickerControllerDetailCell.xib; sourceTree = "<group>"; };
		BC074A231960D3F400144C47 /* LKImagePickerControllerDetailViewController.xib */ = {isa = PBXFileReference; fileEncoding = 4; lastKnownFileType = file.xib; path = LKImagePickerControllerDetailViewController.xib; sourceTree = "<group>"; };
		BC074A261960D3F400144C47 /* LKImagePickerControllerSelectCell.xib */ = {isa = PBXFileReference; fileEncoding = 4; lastKnownFileType = file.xib; path = LKImagePickerControllerSelectCell.xib; sourceTree = "<group>"; };
		BC074A271960D3F400144C47 /* LKImagePickerControllerSelectHeaderView.xib */ = {isa = PBXFileReference; fileEncoding = 4; lastKnownFileType = file.xib; path = LKImagePickerControllerSelectHeaderView.xib; sourceTree = "<group>"; };
		BC074A281960D3F400144C47 /* LKImagePickerControllerSelectViewController.xib */ = {isa = PBXFileReference; fileEncoding = 4; lastKnownFileType = file.xib; path = LKImagePickerControllerSelectViewController.xib; sourceTree = "<group>"; };
		BC074A351960DBBE00144C47 /* LKImagePickerController_Icon_Video.png */ = {isa = PBXFileReference; lastKnownFileType = image.png; path = LKImagePickerController_Icon_Video.png; sourceTree = "<group>"; };
		BC074A3A19610DAB00144C47 /* Base */ = {isa = PBXFileReference; lastKnownFileType = text.plist.strings; name = Base; path = Base.lproj/Localizable.strings; sourceTree = "<group>"; };
		BC074A3C19610DAD00144C47 /* en */ = {isa = PBXFileReference; lastKnownFileType = text.plist.strings; name = en; path = en.lproj/Localizable.strings; sourceTree = "<group>"; };
		BC074A3D19610DE800144C47 /* ja */ = {isa = PBXFileReference; lastKnownFileType = text.plist.strings; name = ja; path = ja.lproj/Localizable.strings; sourceTree = "<group>"; };
		BC074A3F196110F300144C47 /* ja */ = {isa = PBXFileReference; lastKnownFileType = text.plist.strings; name = ja; path = ja.lproj/Main_iPhone.strings; sourceTree = "<group>"; };
		BC074A41196110F500144C47 /* en */ = {isa = PBXFileReference; lastKnownFileType = text.plist.strings; name = en; path = en.lproj/Main_iPhone.strings; sourceTree = "<group>"; };
		BC074A441961161800144C47 /* LKImagePickerControllerGroupTableViewCell.xib */ = {isa = PBXFileReference; fileEncoding = 4; lastKnownFileType = file.xib; path = LKImagePickerControllerGroupTableViewCell.xib; sourceTree = "<group>"; };
		BC11E59519650B0D0082D882 /* LKImagePickerController_Icon_NoPics.png */ = {isa = PBXFileReference; lastKnownFileType = image.png; path = LKImagePickerController_Icon_NoPics.png; sourceTree = "<group>"; };
		BC11E59C19650DA00082D882 /* LKImagePickerControllerEmptyView.xib */ = {isa = PBXFileReference; fileEncoding = 4; lastKnownFileType = file.xib; path = LKImagePickerControllerEmptyView.xib; sourceTree = "<group>"; };
		BC1CB2DD19491EC800CBD8CE /* CoreFoundation.framework */ = {isa = PBXFileReference; lastKnownFileType = wrapper.framework; name = CoreFoundation.framework; path = System/Library/Frameworks/CoreFoundation.framework; sourceTree = SDKROOT; };
		BC2A376819397F9600C672B7 /* LKImagePickerControllerDemo.app */ = {isa = PBXFileReference; explicitFileType = wrapper.application; includeInIndex = 0; path = LKImagePickerControllerDemo.app; sourceTree = BUILT_PRODUCTS_DIR; };
		BC2A376B19397F9600C672B7 /* Foundation.framework */ = {isa = PBXFileReference; lastKnownFileType = wrapper.framework; name = Foundation.framework; path = System/Library/Frameworks/Foundation.framework; sourceTree = SDKROOT; };
		BC2A376D19397F9600C672B7 /* CoreGraphics.framework */ = {isa = PBXFileReference; lastKnownFileType = wrapper.framework; name = CoreGraphics.framework; path = System/Library/Frameworks/CoreGraphics.framework; sourceTree = SDKROOT; };
		BC2A376F19397F9600C672B7 /* UIKit.framework */ = {isa = PBXFileReference; lastKnownFileType = wrapper.framework; name = UIKit.framework; path = System/Library/Frameworks/UIKit.framework; sourceTree = SDKROOT; };
		BC2A377319397F9600C672B7 /* LKImagePickerControllerDemo-Info.plist */ = {isa = PBXFileReference; lastKnownFileType = text.plist.xml; path = "LKImagePickerControllerDemo-Info.plist"; sourceTree = "<group>"; };
		BC2A377519397F9600C672B7 /* en */ = {isa = PBXFileReference; lastKnownFileType = text.plist.strings; name = en; path = en.lproj/InfoPlist.strings; sourceTree = "<group>"; };
		BC2A377719397F9600C672B7 /* main.m */ = {isa = PBXFileReference; lastKnownFileType = sourcecode.c.objc; path = main.m; sourceTree = "<group>"; };
		BC2A377919397F9600C672B7 /* LKImagePickerControllerDemo-Prefix.pch */ = {isa = PBXFileReference; lastKnownFileType = sourcecode.c.h; path = "LKImagePickerControllerDemo-Prefix.pch"; sourceTree = "<group>"; };
		BC2A377A19397F9600C672B7 /* AppDelegate.h */ = {isa = PBXFileReference; lastKnownFileType = sourcecode.c.h; path = AppDelegate.h; sourceTree = "<group>"; };
		BC2A377B19397F9600C672B7 /* AppDelegate.m */ = {isa = PBXFileReference; lastKnownFileType = sourcecode.c.objc; path = AppDelegate.m; sourceTree = "<group>"; };
		BC2A377E19397F9600C672B7 /* Base */ = {isa = PBXFileReference; lastKnownFileType = file.storyboard; name = Base; path = Base.lproj/Main_iPhone.storyboard; sourceTree = "<group>"; };
		BC2A378119397F9600C672B7 /* Base */ = {isa = PBXFileReference; lastKnownFileType = file.storyboard; name = Base; path = Base.lproj/Main_iPad.storyboard; sourceTree = "<group>"; };
		BC2A378319397F9600C672B7 /* ViewController.h */ = {isa = PBXFileReference; lastKnownFileType = sourcecode.c.h; path = ViewController.h; sourceTree = "<group>"; };
		BC2A378419397F9600C672B7 /* ViewController.m */ = {isa = PBXFileReference; lastKnownFileType = sourcecode.c.objc; path = ViewController.m; sourceTree = "<group>"; };
		BC2A378619397F9600C672B7 /* Images.xcassets */ = {isa = PBXFileReference; lastKnownFileType = folder.assetcatalog; path = Images.xcassets; sourceTree = "<group>"; };
		BC2A378C19397F9600C672B7 /* LKImagePickerControllerDemoTests.xctest */ = {isa = PBXFileReference; explicitFileType = wrapper.cfbundle; includeInIndex = 0; path = LKImagePickerControllerDemoTests.xctest; sourceTree = BUILT_PRODUCTS_DIR; };
		BC2A378D19397F9600C672B7 /* XCTest.framework */ = {isa = PBXFileReference; lastKnownFileType = wrapper.framework; name = XCTest.framework; path = Library/Frameworks/XCTest.framework; sourceTree = DEVELOPER_DIR; };
		BC2A379519397F9600C672B7 /* LKImagePickerControllerDemoTests-Info.plist */ = {isa = PBXFileReference; lastKnownFileType = text.plist.xml; path = "LKImagePickerControllerDemoTests-Info.plist"; sourceTree = "<group>"; };
		BC2A379719397F9600C672B7 /* en */ = {isa = PBXFileReference; lastKnownFileType = text.plist.strings; name = en; path = en.lproj/InfoPlist.strings; sourceTree = "<group>"; };
		BC2A379919397F9600C672B7 /* LKImagePickerControllerDemoTests.m */ = {isa = PBXFileReference; lastKnownFileType = sourcecode.c.objc; path = LKImagePickerControllerDemoTests.m; sourceTree = "<group>"; };
		BC94FFAC196B540800EF8FC2 /* LKImagePickerControllerUsedMarkView.h */ = {isa = PBXFileReference; lastKnownFileType = sourcecode.c.h; name = LKImagePickerControllerUsedMarkView.h; path = ../Classes/LKImagePickerControllerUsedMarkView.h; sourceTree = "<group>"; };
		BC94FFAD196B540800EF8FC2 /* LKImagePickerControllerUsedMarkView.m */ = {isa = PBXFileReference; lastKnownFileType = sourcecode.c.objc; name = LKImagePickerControllerUsedMarkView.m; path = ../Classes/LKImagePickerControllerUsedMarkView.m; sourceTree = "<group>"; };
		BC94FFAE196B540800EF8FC2 /* LKImagePickerControllerGroupTableViewController.m */ = {isa = PBXFileReference; lastKnownFileType = sourcecode.c.objc; name = LKImagePickerControllerGroupTableViewController.m; path = ../Classes/LKImagePickerControllerGroupTableViewController.m; sourceTree = "<group>"; };
		BC94FFAF196B540800EF8FC2 /* LKImagePickerControllerSelectViewController.m */ = {isa = PBXFileReference; lastKnownFileType = sourcecode.c.objc; name = LKImagePickerControllerSelectViewController.m; path = ../Classes/LKImagePickerControllerSelectViewController.m; sourceTree = "<group>"; };
		BC94FFB0196B540800EF8FC2 /* LKImagePickerController.m */ = {isa = PBXFileReference; lastKnownFileType = sourcecode.c.objc; name = LKImagePickerController.m; path = ../Classes/LKImagePickerController.m; sourceTree = "<group>"; };
		BC94FFB1196B540800EF8FC2 /* LKImagePickerControllerAssetsManager.m */ = {isa = PBXFileReference; lastKnownFileType = sourcecode.c.objc; name = LKImagePickerControllerAssetsManager.m; path = ../Classes/LKImagePickerControllerAssetsManager.m; sourceTree = "<group>"; };
		BC94FFB2196B540800EF8FC2 /* LKImagePickerControllerDetailViewController.m */ = {isa = PBXFileReference; lastKnownFileType = sourcecode.c.objc; name = LKImagePickerControllerDetailViewController.m; path = ../Classes/LKImagePickerControllerDetailViewController.m; sourceTree = "<group>"; };
		BC94FFB3196B540800EF8FC2 /* LKImagePickerControllerAssetsManager.h */ = {isa = PBXFileReference; lastKnownFileType = sourcecode.c.h; name = LKImagePickerControllerAssetsManager.h; path = ../Classes/LKImagePickerControllerAssetsManager.h; sourceTree = "<group>"; };
		BC94FFB4196B540800EF8FC2 /* LKImagePickerControllerDetailViewController.h */ = {isa = PBXFileReference; lastKnownFileType = sourcecode.c.h; name = LKImagePickerControllerDetailViewController.h; path = ../Classes/LKImagePickerControllerDetailViewController.h; sourceTree = "<group>"; };
		BC94FFB5196B540800EF8FC2 /* LKImagePickerControllerCheckmarkView.m */ = {isa = PBXFileReference; lastKnownFileType = sourcecode.c.objc; name = LKImagePickerControllerCheckmarkView.m; path = ../Classes/LKImagePickerControllerCheckmarkView.m; sourceTree = "<group>"; };
		BC94FFB6196B540800EF8FC2 /* LKImagePickerControllerSelectCell.h */ = {isa = PBXFileReference; lastKnownFileType = sourcecode.c.h; name = LKImagePickerControllerSelectCell.h; path = ../Classes/LKImagePickerControllerSelectCell.h; sourceTree = "<group>"; };
		BC94FFB7196B540800EF8FC2 /* LKImagePickerControllerSelectCell.m */ = {isa = PBXFileReference; lastKnownFileType = sourcecode.c.objc; name = LKImagePickerControllerSelectCell.m; path = ../Classes/LKImagePickerControllerSelectCell.m; sourceTree = "<group>"; };
		BC94FFB8196B540800EF8FC2 /* LKImagePickerControllerDetailCell.m */ = {isa = PBXFileReference; lastKnownFileType = sourcecode.c.objc; name = LKImagePickerControllerDetailCell.m; path = ../Classes/LKImagePickerControllerDetailCell.m; sourceTree = "<group>"; };
		BC94FFB9196B540800EF8FC2 /* LKImagePickerControllerDetailCell.h */ = {isa = PBXFileReference; lastKnownFileType = sourcecode.c.h; name = LKImagePickerControllerDetailCell.h; path = ../Classes/LKImagePickerControllerDetailCell.h; sourceTree = "<group>"; };
		BC94FFBA196B540800EF8FC2 /* LKImagePickerControllerCheckmarkButton.m */ = {isa = PBXFileReference; lastKnownFileType = sourcecode.c.objc; name = LKImagePickerControllerCheckmarkButton.m; path = ../Classes/LKImagePickerControllerCheckmarkButton.m; sourceTree = "<group>"; };
		BC94FFBB196B540800EF8FC2 /* LKImagePickerControllerCheckmarkButton.h */ = {isa = PBXFileReference; lastKnownFileType = sourcecode.c.h; name = LKImagePickerControllerCheckmarkButton.h; path = ../Classes/LKImagePickerControllerCheckmarkButton.h; sourceTree = "<group>"; };
		BC94FFBC196B540800EF8FC2 /* LKImagePickerControllerCheckmarkView.h */ = {isa = PBXFileReference; lastKnownFileType = sourcecode.c.h; name = LKImagePickerControllerCheckmarkView.h; path = ../Classes/LKImagePickerControllerCheckmarkView.h; sourceTree = "<group>"; };
		BC94FFBD196B540800EF8FC2 /* LKImagePickerControllerSelectionButton.m */ = {isa = PBXFileReference; lastKnownFileType = sourcecode.c.objc; name = LKImagePickerControllerSelectionButton.m; path = ../Classes/LKImagePickerControllerSelectionButton.m; sourceTree = "<group>"; };
		BC94FFBE196B540800EF8FC2 /* LKImagePickerControllerSelectionButton.h */ = {isa = PBXFileReference; lastKnownFileType = sourcecode.c.h; name = LKImagePickerControllerSelectionButton.h; path = ../Classes/LKImagePickerControllerSelectionButton.h; sourceTree = "<group>"; };
		BC94FFBF196B540800EF8FC2 /* LKImagePickerControllerAppearance.h */ = {isa = PBXFileReference; lastKnownFileType = sourcecode.c.h; name = LKImagePickerControllerAppearance.h; path = ../Classes/LKImagePickerControllerAppearance.h; sourceTree = "<group>"; };
		BC94FFC0196B540800EF8FC2 /* LKImagePickerControllerAppearance.m */ = {isa = PBXFileReference; lastKnownFileType = sourcecode.c.objc; name = LKImagePickerControllerAppearance.m; path = ../Classes/LKImagePickerControllerAppearance.m; sourceTree = "<group>"; };
		BC94FFC1196B540800EF8FC2 /* LKImagePickerControllerSelectHeaderView.m */ = {isa = PBXFileReference; lastKnownFileType = sourcecode.c.objc; name = LKImagePickerControllerSelectHeaderView.m; path = ../Classes/LKImagePickerControllerSelectHeaderView.m; sourceTree = "<group>"; };
		BC94FFC2196B540800EF8FC2 /* LKImagePickerControllerSelectViewController.h */ = {isa = PBXFileReference; lastKnownFileType = sourcecode.c.h; name = LKImagePickerControllerSelectViewController.h; path = ../Classes/LKImagePickerControllerSelectViewController.h; sourceTree = "<group>"; };
		BC94FFC3196B540900EF8FC2 /* LKImagePickerController.h */ = {isa = PBXFileReference; lastKnownFileType = sourcecode.c.h; name = LKImagePickerController.h; path = ../Classes/LKImagePickerController.h; sourceTree = "<group>"; };
		BC94FFC4196B540900EF8FC2 /* LKImagePickerControllerFilter.m */ = {isa = PBXFileReference; lastKnownFileType = sourcecode.c.objc; name = LKImagePickerControllerFilter.m; path = ../Classes/LKImagePickerControllerFilter.m; sourceTree = "<group>"; };
		BC94FFC5196B540900EF8FC2 /* LKImagePickerControllerFilterSelectionViewController.m */ = {isa = PBXFileReference; lastKnownFileType = sourcecode.c.objc; name = LKImagePickerControllerFilterSelectionViewController.m; path = ../Classes/LKImagePickerControllerFilterSelectionViewController.m; sourceTree = "<group>"; };
		BC94FFC6196B540900EF8FC2 /* LKImagePickerControllerEmptyView.m */ = {isa = PBXFileReference; lastKnownFileType = sourcecode.c.objc; name = LKImagePickerControllerEmptyView.m; path = ../Classes/LKImagePickerControllerEmptyView.m; sourceTree = "<group>"; };
		BC94FFC7196B540900EF8FC2 /* LKImagePickerControllerEmptyView.h */ = {isa = PBXFileReference; lastKnownFileType = sourcecode.c.h; name = LKImagePickerControllerEmptyView.h; path = ../Classes/LKImagePickerControllerEmptyView.h; sourceTree = "<group>"; };
		BC94FFC8196B540900EF8FC2 /* LKImagePickerControllerGroupTableViewCell.m */ = {isa = PBXFileReference; lastKnownFileType = sourcecode.c.objc; name = LKImagePickerControllerGroupTableViewCell.m; path = ../Classes/LKImagePickerControllerGroupTableViewCell.m; sourceTree = "<group>"; };
		BC94FFC9196B540900EF8FC2 /* LKImagePickerControllerGroupTableViewCell.h */ = {isa = PBXFileReference; lastKnownFileType = sourcecode.c.h; name = LKImagePickerControllerGroupTableViewCell.h; path = ../Classes/LKImagePickerControllerGroupTableViewCell.h; sourceTree = "<group>"; };
		BC94FFCA196B540900EF8FC2 /* LKImagePickerControllerCloseButton.m */ = {isa = PBXFileReference; lastKnownFileType = sourcecode.c.objc; name = LKImagePickerControllerCloseButton.m; path = ../Classes/LKImagePickerControllerCloseButton.m; sourceTree = "<group>"; };
		BC94FFCB196B540900EF8FC2 /* LKImagePickerControllerCloseButton.h */ = {isa = PBXFileReference; lastKnownFileType = sourcecode.c.h; name = LKImagePickerControllerCloseButton.h; path = ../Classes/LKImagePickerControllerCloseButton.h; sourceTree = "<group>"; };
		BC94FFCC196B540900EF8FC2 /* LKImagePickerControllerBundleManager.m */ = {isa = PBXFileReference; lastKnownFileType = sourcecode.c.objc; name = LKImagePickerControllerBundleManager.m; path = ../Classes/LKImagePickerControllerBundleManager.m; sourceTree = "<group>"; };
		BC94FFCD196B540900EF8FC2 /* LKImagePickerControllerBundleManager.h */ = {isa = PBXFileReference; lastKnownFileType = sourcecode.c.h; name = LKImagePickerControllerBundleManager.h; path = ../Classes/LKImagePickerControllerBundleManager.h; sourceTree = "<group>"; };
		BC94FFCE196B540900EF8FC2 /* LKImagePickerControllerFilter.h */ = {isa = PBXFileReference; lastKnownFileType = sourcecode.c.h; name = LKImagePickerControllerFilter.h; path = ../Classes/LKImagePickerControllerFilter.h; sourceTree = "<group>"; };
		BC94FFCF196B540900EF8FC2 /* LKImagePickerControllerPlayIconView.m */ = {isa = PBXFileReference; lastKnownFileType = sourcecode.c.objc; name = LKImagePickerControllerPlayIconView.m; path = ../Classes/LKImagePickerControllerPlayIconView.m; sourceTree = "<group>"; };
		BC94FFD0196B540900EF8FC2 /* LKImagePickerControllerPlayIconView.h */ = {isa = PBXFileReference; lastKnownFileType = sourcecode.c.h; name = LKImagePickerControllerPlayIconView.h; path = ../Classes/LKImagePickerControllerPlayIconView.h; sourceTree = "<group>"; };
		BC94FFD1196B540900EF8FC2 /* LKImagePickerControllerFilterSelectionViewController.h */ = {isa = PBXFileReference; lastKnownFileType = sourcecode.c.h; name = LKImagePickerControllerFilterSelectionViewController.h; path = ../Classes/LKImagePickerControllerFilterSelectionViewController.h; sourceTree = "<group>"; };
		BC94FFD2196B540900EF8FC2 /* LKImagePickerControllerGroupTableViewController.h */ = {isa = PBXFileReference; lastKnownFileType = sourcecode.c.h; name = LKImagePickerControllerGroupTableViewController.h; path = ../Classes/LKImagePickerControllerGroupTableViewController.h; sourceTree = "<group>"; };
		BC94FFD3196B540900EF8FC2 /* LKImagePickerControllerSelectHeaderView.h */ = {isa = PBXFileReference; lastKnownFileType = sourcecode.c.h; name = LKImagePickerControllerSelectHeaderView.h; path = ../Classes/LKImagePickerControllerSelectHeaderView.h; sourceTree = "<group>"; };
		BCDBB1381D86108D00CC9EB2 /* LKImagePickerController_ButtonBack.png */ = {isa = PBXFileReference; lastKnownFileType = image.png; path = LKImagePickerController_ButtonBack.png; sourceTree = "<group>"; };
		BCDBB13D1D86AF2300CC9EB2 /* LKImagePickerControllerMarkedAssetsManager.h */ = {isa = PBXFileReference; fileEncoding = 4; lastKnownFileType = sourcecode.c.h; name = LKImagePickerControllerMarkedAssetsManager.h; path = ../Classes/LKImagePickerControllerMarkedAssetsManager.h; sourceTree = "<group>"; };
		BCDBB13E1D86AF2300CC9EB2 /* LKImagePickerControllerMarkedAssetsManager.m */ = {isa = PBXFileReference; fileEncoding = 4; lastKnownFileType = sourcecode.c.objc; name = LKImagePickerControllerMarkedAssetsManager.m; path = ../Classes/LKImagePickerControllerMarkedAssetsManager.m; sourceTree = "<group>"; };
		BCDBB1471D86B55300CC9EB2 /* LKImagePickerController_IconPosted.pxm */ = {isa = PBXFileReference; lastKnownFileType = file; path = LKImagePickerController_IconPosted.pxm; sourceTree = "<group>"; };
		BCDBB1701D88167800CC9EB2 /* LKImagePickerController_IconPosted.png */ = {isa = PBXFileReference; lastKnownFileType = image.png; path = LKImagePickerController_IconPosted.png; sourceTree = "<group>"; };
		F15AE65097E7E8161C0692A2 /* Pods-LKImagePickerControllerDemo.debug.xcconfig */ = {isa = PBXFileReference; includeInIndex = 1; lastKnownFileType = text.xcconfig; name = "Pods-LKImagePickerControllerDemo.debug.xcconfig"; path = "Pods/Target Support Files/Pods-LKImagePickerControllerDemo/Pods-LKImagePickerControllerDemo.debug.xcconfig"; sourceTree = "<group>"; };
/* End PBXFileReference section */

/* Begin PBXFrameworksBuildPhase section */
		BC074A0E1960D3A800144C47 /* Frameworks */ = {
			isa = PBXFrameworksBuildPhase;
			buildActionMask = 2147483647;
			files = (
				BC074A131960D3A900144C47 /* Cocoa.framework in Frameworks */,
			);
			runOnlyForDeploymentPostprocessing = 0;
		};
		BC2A376519397F9600C672B7 /* Frameworks */ = {
			isa = PBXFrameworksBuildPhase;
			buildActionMask = 2147483647;
			files = (
				BC2A376E19397F9600C672B7 /* CoreGraphics.framework in Frameworks */,
				BC2A377019397F9600C672B7 /* UIKit.framework in Frameworks */,
				BC2A376C19397F9600C672B7 /* Foundation.framework in Frameworks */,
				2C6DF23D620C49BFA6297186 /* libPods-LKImagePickerControllerDemo.a in Frameworks */,
			);
			runOnlyForDeploymentPostprocessing = 0;
		};
		BC2A378919397F9600C672B7 /* Frameworks */ = {
			isa = PBXFrameworksBuildPhase;
			buildActionMask = 2147483647;
			files = (
				BC2A378E19397F9600C672B7 /* XCTest.framework in Frameworks */,
				BC2A379019397F9600C672B7 /* UIKit.framework in Frameworks */,
				BC2A378F19397F9600C672B7 /* Foundation.framework in Frameworks */,
			);
			runOnlyForDeploymentPostprocessing = 0;
		};
/* End PBXFrameworksBuildPhase section */

/* Begin PBXGroup section */
		43ABF09F037E0E5558B31EC5 /* Pods */ = {
			isa = PBXGroup;
			children = (
				F15AE65097E7E8161C0692A2 /* Pods-LKImagePickerControllerDemo.debug.xcconfig */,
				221470A05E72C96C09EEDA87 /* Pods-LKImagePickerControllerDemo.release.xcconfig */,
			);
			name = Pods;
			sourceTree = "<group>";
		};
		BC074A141960D3A900144C47 /* Other Frameworks */ = {
			isa = PBXGroup;
			children = (
				BC074A151960D3A900144C47 /* Foundation.framework */,
				BC074A161960D3A900144C47 /* CoreData.framework */,
				BC074A171960D3A900144C47 /* AppKit.framework */,
			);
			name = "Other Frameworks";
			sourceTree = "<group>";
		};
		BC074A181960D3A900144C47 /* LKImagePickerController-Resources */ = {
			isa = PBXGroup;
			children = (
				BC074A221960D3F400144C47 /* LKImagePickerControllerDetailCell.xib */,
				BC074A231960D3F400144C47 /* LKImagePickerControllerDetailViewController.xib */,
				BC074A261960D3F400144C47 /* LKImagePickerControllerSelectCell.xib */,
				BC074A271960D3F400144C47 /* LKImagePickerControllerSelectHeaderView.xib */,
				BC074A281960D3F400144C47 /* LKImagePickerControllerSelectViewController.xib */,
				BC074A441961161800144C47 /* LKImagePickerControllerGroupTableViewCell.xib */,
				BC11E59C19650DA00082D882 /* LKImagePickerControllerEmptyView.xib */,
				BC074A351960DBBE00144C47 /* LKImagePickerController_Icon_Video.png */,
				BC11E59519650B0D0082D882 /* LKImagePickerController_Icon_NoPics.png */,
				BCDBB1381D86108D00CC9EB2 /* LKImagePickerController_ButtonBack.png */,
				BCDBB1701D88167800CC9EB2 /* LKImagePickerController_IconPosted.png */,
				BC074A3B19610DAB00144C47 /* Localizable.strings */,
				BC074A191960D3A900144C47 /* Supporting Files */,
			);
			path = "LKImagePickerController-Resources";
			sourceTree = "<group>";
		};
		BC074A191960D3A900144C47 /* Supporting Files */ = {
			isa = PBXGroup;
			children = (
				BC074A1A1960D3A900144C47 /* LKImagePickerController-Resources-Info.plist */,
				BC074A1B1960D3A900144C47 /* InfoPlist.strings */,
				BC074A1E1960D3A900144C47 /* LKImagePickerController-Resources-Prefix.pch */,
			);
			name = "Supporting Files";
			sourceTree = "<group>";
		};
		BC2A375F19397F9600C672B7 = {
			isa = PBXGroup;
			children = (
				BC94FFAB196B53F200EF8FC2 /* LKImagePickerControllerClasses */,
				BC074A181960D3A900144C47 /* LKImagePickerController-Resources */,
				BC2A377119397F9600C672B7 /* LKImagePickerControllerDemo */,
				BC2A379319397F9600C672B7 /* LKImagePickerControllerDemoTests */,
				BC2A376A19397F9600C672B7 /* Frameworks */,
				BC2A376919397F9600C672B7 /* Products */,
				43ABF09F037E0E5558B31EC5 /* Pods */,
			);
			sourceTree = "<group>";
		};
		BC2A376919397F9600C672B7 /* Products */ = {
			isa = PBXGroup;
			children = (
				BC2A376819397F9600C672B7 /* LKImagePickerControllerDemo.app */,
				BC2A378C19397F9600C672B7 /* LKImagePickerControllerDemoTests.xctest */,
				BC074A111960D3A800144C47 /* LKImagePickerController-Resources.bundle */,
			);
			name = Products;
			sourceTree = "<group>";
		};
		BC2A376A19397F9600C672B7 /* Frameworks */ = {
			isa = PBXGroup;
			children = (
				BC2A376B19397F9600C672B7 /* Foundation.framework */,
				BC2A376D19397F9600C672B7 /* CoreGraphics.framework */,
				BC2A376F19397F9600C672B7 /* UIKit.framework */,
				BC2A378D19397F9600C672B7 /* XCTest.framework */,
				40EE24068165439CA7807C50 /* libPods-LKImagePickerControllerDemo.a */,
				BC1CB2DD19491EC800CBD8CE /* CoreFoundation.framework */,
				BC074A121960D3A900144C47 /* Cocoa.framework */,
				BC074A141960D3A900144C47 /* Other Frameworks */,
			);
			name = Frameworks;
			sourceTree = "<group>";
		};
		BC2A377119397F9600C672B7 /* LKImagePickerControllerDemo */ = {
			isa = PBXGroup;
			children = (
				BC2A377A19397F9600C672B7 /* AppDelegate.h */,
				BC2A377B19397F9600C672B7 /* AppDelegate.m */,
				BC2A377D19397F9600C672B7 /* Main_iPhone.storyboard */,
				BC2A378019397F9600C672B7 /* Main_iPad.storyboard */,
				BC2A378319397F9600C672B7 /* ViewController.h */,
				BC2A378419397F9600C672B7 /* ViewController.m */,
				BC2A378619397F9600C672B7 /* Images.xcassets */,
				BC2A377219397F9600C672B7 /* Supporting Files */,
			);
			path = LKImagePickerControllerDemo;
			sourceTree = "<group>";
		};
		BC2A377219397F9600C672B7 /* Supporting Files */ = {
			isa = PBXGroup;
			children = (
				BCDBB1471D86B55300CC9EB2 /* LKImagePickerController_IconPosted.pxm */,
				BC2A377319397F9600C672B7 /* LKImagePickerControllerDemo-Info.plist */,
				BC2A377419397F9600C672B7 /* InfoPlist.strings */,
				BC2A377719397F9600C672B7 /* main.m */,
				BC2A377919397F9600C672B7 /* LKImagePickerControllerDemo-Prefix.pch */,
			);
			name = "Supporting Files";
			sourceTree = "<group>";
		};
		BC2A379319397F9600C672B7 /* LKImagePickerControllerDemoTests */ = {
			isa = PBXGroup;
			children = (
				BC2A379919397F9600C672B7 /* LKImagePickerControllerDemoTests.m */,
				BC2A379419397F9600C672B7 /* Supporting Files */,
			);
			path = LKImagePickerControllerDemoTests;
			sourceTree = "<group>";
		};
		BC2A379419397F9600C672B7 /* Supporting Files */ = {
			isa = PBXGroup;
			children = (
				BC2A379519397F9600C672B7 /* LKImagePickerControllerDemoTests-Info.plist */,
				BC2A379619397F9600C672B7 /* InfoPlist.strings */,
			);
			name = "Supporting Files";
			sourceTree = "<group>";
		};
		BC94FFAB196B53F200EF8FC2 /* LKImagePickerControllerClasses */ = {
			isa = PBXGroup;
			children = (
				BC94FFC3196B540900EF8FC2 /* LKImagePickerController.h */,
				BC94FFB0196B540800EF8FC2 /* LKImagePickerController.m */,
				BC94FFAC196B540800EF8FC2 /* LKImagePickerControllerUsedMarkView.h */,
				BC94FFAD196B540800EF8FC2 /* LKImagePickerControllerUsedMarkView.m */,
				BC94FFD2196B540900EF8FC2 /* LKImagePickerControllerGroupTableViewController.h */,
				BC94FFAE196B540800EF8FC2 /* LKImagePickerControllerGroupTableViewController.m */,
				BC94FFC2196B540800EF8FC2 /* LKImagePickerControllerSelectViewController.h */,
				BC94FFAF196B540800EF8FC2 /* LKImagePickerControllerSelectViewController.m */,
				BC94FFB3196B540800EF8FC2 /* LKImagePickerControllerAssetsManager.h */,
				BC94FFB1196B540800EF8FC2 /* LKImagePickerControllerAssetsManager.m */,
				BC94FFB6196B540800EF8FC2 /* LKImagePickerControllerSelectCell.h */,
				BC94FFB7196B540800EF8FC2 /* LKImagePickerControllerSelectCell.m */,
				BC94FFB4196B540800EF8FC2 /* LKImagePickerControllerDetailViewController.h */,
				BC94FFB2196B540800EF8FC2 /* LKImagePickerControllerDetailViewController.m */,
				BC94FFB9196B540800EF8FC2 /* LKImagePickerControllerDetailCell.h */,
				BC94FFB8196B540800EF8FC2 /* LKImagePickerControllerDetailCell.m */,
				BC94FFBB196B540800EF8FC2 /* LKImagePickerControllerCheckmarkButton.h */,
				BC94FFBA196B540800EF8FC2 /* LKImagePickerControllerCheckmarkButton.m */,
				BC94FFBC196B540800EF8FC2 /* LKImagePickerControllerCheckmarkView.h */,
				BC94FFB5196B540800EF8FC2 /* LKImagePickerControllerCheckmarkView.m */,
				BC94FFBD196B540800EF8FC2 /* LKImagePickerControllerSelectionButton.m */,
				BC94FFBE196B540800EF8FC2 /* LKImagePickerControllerSelectionButton.h */,
				BC94FFBF196B540800EF8FC2 /* LKImagePickerControllerAppearance.h */,
				BC94FFC0196B540800EF8FC2 /* LKImagePickerControllerAppearance.m */,
				BC94FFC1196B540800EF8FC2 /* LKImagePickerControllerSelectHeaderView.m */,
				BC94FFC4196B540900EF8FC2 /* LKImagePickerControllerFilter.m */,
				BC94FFCE196B540900EF8FC2 /* LKImagePickerControllerFilter.h */,
				BC94FFD1196B540900EF8FC2 /* LKImagePickerControllerFilterSelectionViewController.h */,
				BC94FFC5196B540900EF8FC2 /* LKImagePickerControllerFilterSelectionViewController.m */,
				BC94FFC6196B540900EF8FC2 /* LKImagePickerControllerEmptyView.m */,
				BC94FFC7196B540900EF8FC2 /* LKImagePickerControllerEmptyView.h */,
				BC94FFC8196B540900EF8FC2 /* LKImagePickerControllerGroupTableViewCell.m */,
				BC94FFC9196B540900EF8FC2 /* LKImagePickerControllerGroupTableViewCell.h */,
				BC94FFCA196B540900EF8FC2 /* LKImagePickerControllerCloseButton.m */,
				BC94FFCB196B540900EF8FC2 /* LKImagePickerControllerCloseButton.h */,
				BC94FFCC196B540900EF8FC2 /* LKImagePickerControllerBundleManager.m */,
				BC94FFCD196B540900EF8FC2 /* LKImagePickerControllerBundleManager.h */,
				BC94FFCF196B540900EF8FC2 /* LKImagePickerControllerPlayIconView.m */,
				BC94FFD0196B540900EF8FC2 /* LKImagePickerControllerPlayIconView.h */,
				BC94FFD3196B540900EF8FC2 /* LKImagePickerControllerSelectHeaderView.h */,
				BCDBB13D1D86AF2300CC9EB2 /* LKImagePickerControllerMarkedAssetsManager.h */,
				BCDBB13E1D86AF2300CC9EB2 /* LKImagePickerControllerMarkedAssetsManager.m */,
			);
			name = LKImagePickerControllerClasses;
			sourceTree = "<group>";
		};
/* End PBXGroup section */

/* Begin PBXNativeTarget section */
		BC074A101960D3A800144C47 /* LKImagePickerController-Resources */ = {
			isa = PBXNativeTarget;
			buildConfigurationList = BC074A1F1960D3A900144C47 /* Build configuration list for PBXNativeTarget "LKImagePickerController-Resources" */;
			buildPhases = (
				BC074A0D1960D3A800144C47 /* Sources */,
				BC074A0E1960D3A800144C47 /* Frameworks */,
				BC074A0F1960D3A800144C47 /* Resources */,
			);
			buildRules = (
			);
			dependencies = (
			);
			name = "LKImagePickerController-Resources";
			productName = "LKImagePickerController-Resources";
			productReference = BC074A111960D3A800144C47 /* LKImagePickerController-Resources.bundle */;
			productType = "com.apple.product-type.bundle";
		};
		BC2A376719397F9600C672B7 /* LKImagePickerControllerDemo */ = {
			isa = PBXNativeTarget;
			buildConfigurationList = BC2A379D19397F9600C672B7 /* Build configuration list for PBXNativeTarget "LKImagePickerControllerDemo" */;
			buildPhases = (
				4A1C2DACB7C94EDE870A5375 /* Check Pods Manifest.lock */,
				BC2A376419397F9600C672B7 /* Sources */,
				BC2A376519397F9600C672B7 /* Frameworks */,
				BC2A376619397F9600C672B7 /* Resources */,
				86143DA260384B97AA55EC84 /* Copy Pods Resources */,
			);
			buildRules = (
			);
			dependencies = (
				BC66744919B3EB2400C1F92C /* PBXTargetDependency */,
			);
			name = LKImagePickerControllerDemo;
			productName = LKImagePickerControllerDemo;
			productReference = BC2A376819397F9600C672B7 /* LKImagePickerControllerDemo.app */;
			productType = "com.apple.product-type.application";
		};
		BC2A378B19397F9600C672B7 /* LKImagePickerControllerDemoTests */ = {
			isa = PBXNativeTarget;
			buildConfigurationList = BC2A37A019397F9600C672B7 /* Build configuration list for PBXNativeTarget "LKImagePickerControllerDemoTests" */;
			buildPhases = (
				BC2A378819397F9600C672B7 /* Sources */,
				BC2A378919397F9600C672B7 /* Frameworks */,
				BC2A378A19397F9600C672B7 /* Resources */,
			);
			buildRules = (
			);
			dependencies = (
				BC2A379219397F9600C672B7 /* PBXTargetDependency */,
			);
			name = LKImagePickerControllerDemoTests;
			productName = LKImagePickerControllerDemoTests;
			productReference = BC2A378C19397F9600C672B7 /* LKImagePickerControllerDemoTests.xctest */;
			productType = "com.apple.product-type.bundle.unit-test";
		};
/* End PBXNativeTarget section */

/* Begin PBXProject section */
		BC2A376019397F9600C672B7 /* Project object */ = {
			isa = PBXProject;
			attributes = {
				LastUpgradeCheck = 0730;
				ORGANIZATIONNAME = lakesoft;
				TargetAttributes = {
					BC2A378B19397F9600C672B7 = {
						TestTargetID = BC2A376719397F9600C672B7;
					};
				};
			};
			buildConfigurationList = BC2A376319397F9600C672B7 /* Build configuration list for PBXProject "LKImagePickerControllerDemo" */;
			compatibilityVersion = "Xcode 3.2";
			developmentRegion = English;
			hasScannedForEncodings = 0;
			knownRegions = (
				en,
				Base,
				ja,
			);
			mainGroup = BC2A375F19397F9600C672B7;
			productRefGroup = BC2A376919397F9600C672B7 /* Products */;
			projectDirPath = "";
			projectRoot = "";
			targets = (
				BC2A376719397F9600C672B7 /* LKImagePickerControllerDemo */,
				BC2A378B19397F9600C672B7 /* LKImagePickerControllerDemoTests */,
				BC074A101960D3A800144C47 /* LKImagePickerController-Resources */,
			);
		};
/* End PBXProject section */

/* Begin PBXResourcesBuildPhase section */
		BC074A0F1960D3A800144C47 /* Resources */ = {
			isa = PBXResourcesBuildPhase;
			buildActionMask = 2147483647;
			files = (
				BC074A1D1960D3A900144C47 /* InfoPlist.strings in Resources */,
				BC11E59D19650DA00082D882 /* LKImagePickerControllerEmptyView.xib in Resources */,
				BC11E59619650B0D0082D882 /* LKImagePickerController_Icon_NoPics.png in Resources */,
				BC074A2F1960D3F400144C47 /* LKImagePickerControllerSelectViewController.xib in Resources */,
				BC074A291960D3F400144C47 /* LKImagePickerControllerDetailCell.xib in Resources */,
				BCDBB1391D86108D00CC9EB2 /* LKImagePickerController_ButtonBack.png in Resources */,
				BCDBB1711D88167800CC9EB2 /* LKImagePickerController_IconPosted.png in Resources */,
				BC074A3919610DAB00144C47 /* Localizable.strings in Resources */,
				BC074A2D1960D3F400144C47 /* LKImagePickerControllerSelectCell.xib in Resources */,
				BC074A361960DBBE00144C47 /* LKImagePickerController_Icon_Video.png in Resources */,
				BC074A2A1960D3F400144C47 /* LKImagePickerControllerDetailViewController.xib in Resources */,
				BC074A2E1960D3F400144C47 /* LKImagePickerControllerSelectHeaderView.xib in Resources */,
				BC074A451961161800144C47 /* LKImagePickerControllerGroupTableViewCell.xib in Resources */,
			);
			runOnlyForDeploymentPostprocessing = 0;
		};
		BC2A376619397F9600C672B7 /* Resources */ = {
			isa = PBXResourcesBuildPhase;
			buildActionMask = 2147483647;
			files = (
				BC2A378219397F9600C672B7 /* Main_iPad.storyboard in Resources */,
				BC2A378719397F9600C672B7 /* Images.xcassets in Resources */,
				BC2A377F19397F9600C672B7 /* Main_iPhone.storyboard in Resources */,
				BC2A377619397F9600C672B7 /* InfoPlist.strings in Resources */,
			);
			runOnlyForDeploymentPostprocessing = 0;
		};
		BC2A378A19397F9600C672B7 /* Resources */ = {
			isa = PBXResourcesBuildPhase;
			buildActionMask = 2147483647;
			files = (
				BC2A379819397F9600C672B7 /* InfoPlist.strings in Resources */,
			);
			runOnlyForDeploymentPostprocessing = 0;
		};
/* End PBXResourcesBuildPhase section */

/* Begin PBXShellScriptBuildPhase section */
		4A1C2DACB7C94EDE870A5375 /* Check Pods Manifest.lock */ = {
			isa = PBXShellScriptBuildPhase;
			buildActionMask = 2147483647;
			files = (
			);
			inputPaths = (
			);
			name = "Check Pods Manifest.lock";
			outputPaths = (
			);
			runOnlyForDeploymentPostprocessing = 0;
			shellPath = /bin/sh;
			shellScript = "diff \"${PODS_ROOT}/../Podfile.lock\" \"${PODS_ROOT}/Manifest.lock\" > /dev/null\nif [[ $? != 0 ]] ; then\n    cat << EOM\nerror: The sandbox is not in sync with the Podfile.lock. Run 'pod install' or update your CocoaPods installation.\nEOM\n    exit 1\nfi\n";
			showEnvVarsInLog = 0;
		};
		86143DA260384B97AA55EC84 /* Copy Pods Resources */ = {
			isa = PBXShellScriptBuildPhase;
			buildActionMask = 2147483647;
			files = (
			);
			inputPaths = (
			);
			name = "Copy Pods Resources";
			outputPaths = (
			);
			runOnlyForDeploymentPostprocessing = 0;
			shellPath = /bin/sh;
			shellScript = "\"${SRCROOT}/Pods/Target Support Files/Pods-LKImagePickerControllerDemo/Pods-LKImagePickerControllerDemo-resources.sh\"\n";
			showEnvVarsInLog = 0;
		};
/* End PBXShellScriptBuildPhase section */

/* Begin PBXSourcesBuildPhase section */
		BC074A0D1960D3A800144C47 /* Sources */ = {
			isa = PBXSourcesBuildPhase;
			buildActionMask = 2147483647;
			files = (
			);
			runOnlyForDeploymentPostprocessing = 0;
		};
		BC2A376419397F9600C672B7 /* Sources */ = {
			isa = PBXSourcesBuildPhase;
			buildActionMask = 2147483647;
			files = (
				BC2A378519397F9600C672B7 /* ViewController.m in Sources */,
				BC2A377C19397F9600C672B7 /* AppDelegate.m in Sources */,
				BC2A377819397F9600C672B7 /* main.m in Sources */,
			);
			runOnlyForDeploymentPostprocessing = 0;
		};
		BC2A378819397F9600C672B7 /* Sources */ = {
			isa = PBXSourcesBuildPhase;
			buildActionMask = 2147483647;
			files = (
				BC2A379A19397F9600C672B7 /* LKImagePickerControllerDemoTests.m in Sources */,
			);
			runOnlyForDeploymentPostprocessing = 0;
		};
/* End PBXSourcesBuildPhase section */

/* Begin PBXTargetDependency section */
		BC2A379219397F9600C672B7 /* PBXTargetDependency */ = {
			isa = PBXTargetDependency;
			target = BC2A376719397F9600C672B7 /* LKImagePickerControllerDemo */;
			targetProxy = BC2A379119397F9600C672B7 /* PBXContainerItemProxy */;
		};
		BC66744919B3EB2400C1F92C /* PBXTargetDependency */ = {
			isa = PBXTargetDependency;
			target = BC074A101960D3A800144C47 /* LKImagePickerController-Resources */;
			targetProxy = BC66744819B3EB2400C1F92C /* PBXContainerItemProxy */;
		};
/* End PBXTargetDependency section */

/* Begin PBXVariantGroup section */
		BC074A1B1960D3A900144C47 /* InfoPlist.strings */ = {
			isa = PBXVariantGroup;
			children = (
				BC074A1C1960D3A900144C47 /* en */,
			);
			name = InfoPlist.strings;
			sourceTree = "<group>";
		};
		BC074A3B19610DAB00144C47 /* Localizable.strings */ = {
			isa = PBXVariantGroup;
			children = (
				BC074A3A19610DAB00144C47 /* Base */,
				BC074A3C19610DAD00144C47 /* en */,
				BC074A3D19610DE800144C47 /* ja */,
			);
			name = Localizable.strings;
			sourceTree = "<group>";
		};
		BC2A377419397F9600C672B7 /* InfoPlist.strings */ = {
			isa = PBXVariantGroup;
			children = (
				BC2A377519397F9600C672B7 /* en */,
			);
			name = InfoPlist.strings;
			sourceTree = "<group>";
		};
		BC2A377D19397F9600C672B7 /* Main_iPhone.storyboard */ = {
			isa = PBXVariantGroup;
			children = (
				BC2A377E19397F9600C672B7 /* Base */,
				BC074A3F196110F300144C47 /* ja */,
				BC074A41196110F500144C47 /* en */,
			);
			name = Main_iPhone.storyboard;
			sourceTree = "<group>";
		};
		BC2A378019397F9600C672B7 /* Main_iPad.storyboard */ = {
			isa = PBXVariantGroup;
			children = (
				BC2A378119397F9600C672B7 /* Base */,
			);
			name = Main_iPad.storyboard;
			sourceTree = "<group>";
		};
		BC2A379619397F9600C672B7 /* InfoPlist.strings */ = {
			isa = PBXVariantGroup;
			children = (
				BC2A379719397F9600C672B7 /* en */,
			);
			name = InfoPlist.strings;
			sourceTree = "<group>";
		};
/* End PBXVariantGroup section */

/* Begin XCBuildConfiguration section */
		BC074A201960D3A900144C47 /* Debug */ = {
			isa = XCBuildConfiguration;
			buildSettings = {
				COMBINE_HIDPI_IMAGES = YES;
				CONFIGURATION_BUILD_DIR = ../Resources;
				FRAMEWORK_SEARCH_PATHS = (
					"$(inherited)",
					"$(DEVELOPER_FRAMEWORKS_DIR)",
				);
				GCC_ENABLE_OBJC_EXCEPTIONS = YES;
				GCC_PRECOMPILE_PREFIX_HEADER = YES;
				GCC_PREFIX_HEADER = "LKImagePickerController-Resources/LKImagePickerController-Resources-Prefix.pch";
				GCC_PREPROCESSOR_DEFINITIONS = (
					"DEBUG=1",
					"$(inherited)",
				);
				INFOPLIST_FILE = "LKImagePickerController-Resources/LKImagePickerController-Resources-Info.plist";
				INSTALL_PATH = "$(LOCAL_LIBRARY_DIR)/Bundles";
				MACOSX_DEPLOYMENT_TARGET = 10.9;
				PRODUCT_BUNDLE_IDENTIFIER = "jp.lakesoft.${PRODUCT_NAME:rfc1034identifier}";
				PRODUCT_NAME = "$(TARGET_NAME)";
				SDKROOT = iphoneos;
				WRAPPER_EXTENSION = bundle;
			};
			name = Debug;
		};
		BC074A211960D3A900144C47 /* Release */ = {
			isa = XCBuildConfiguration;
			buildSettings = {
				COMBINE_HIDPI_IMAGES = YES;
				CONFIGURATION_BUILD_DIR = ../Resources;
				DEBUG_INFORMATION_FORMAT = "dwarf-with-dsym";
				FRAMEWORK_SEARCH_PATHS = (
					"$(inherited)",
					"$(DEVELOPER_FRAMEWORKS_DIR)",
				);
				GCC_ENABLE_OBJC_EXCEPTIONS = YES;
				GCC_PRECOMPILE_PREFIX_HEADER = YES;
				GCC_PREFIX_HEADER = "LKImagePickerController-Resources/LKImagePickerController-Resources-Prefix.pch";
				INFOPLIST_FILE = "LKImagePickerController-Resources/LKImagePickerController-Resources-Info.plist";
				INSTALL_PATH = "$(LOCAL_LIBRARY_DIR)/Bundles";
				MACOSX_DEPLOYMENT_TARGET = 10.9;
				PRODUCT_BUNDLE_IDENTIFIER = "jp.lakesoft.${PRODUCT_NAME:rfc1034identifier}";
				PRODUCT_NAME = "$(TARGET_NAME)";
				SDKROOT = iphoneos;
				WRAPPER_EXTENSION = bundle;
			};
			name = Release;
		};
		BC2A379B19397F9600C672B7 /* Debug */ = {
			isa = XCBuildConfiguration;
			buildSettings = {
				ALWAYS_SEARCH_USER_PATHS = NO;
				CLANG_CXX_LANGUAGE_STANDARD = "gnu++0x";
				CLANG_CXX_LIBRARY = "libc++";
				CLANG_ENABLE_MODULES = YES;
				CLANG_ENABLE_OBJC_ARC = YES;
				CLANG_WARN_BOOL_CONVERSION = YES;
				CLANG_WARN_CONSTANT_CONVERSION = YES;
				CLANG_WARN_DIRECT_OBJC_ISA_USAGE = YES_ERROR;
				CLANG_WARN_EMPTY_BODY = YES;
				CLANG_WARN_ENUM_CONVERSION = YES;
				CLANG_WARN_INT_CONVERSION = YES;
				CLANG_WARN_OBJC_ROOT_CLASS = YES_ERROR;
				CLANG_WARN__DUPLICATE_METHOD_MATCH = YES;
				"CODE_SIGN_IDENTITY[sdk=iphoneos*]" = "iPhone Developer";
				COPY_PHASE_STRIP = NO;
				ENABLE_TESTABILITY = YES;
				GCC_C_LANGUAGE_STANDARD = gnu99;
				GCC_DYNAMIC_NO_PIC = NO;
				GCC_OPTIMIZATION_LEVEL = 0;
				GCC_PREPROCESSOR_DEFINITIONS = (
					"DEBUG=1",
					"$(inherited)",
				);
				GCC_SYMBOLS_PRIVATE_EXTERN = NO;
				GCC_WARN_64_TO_32_BIT_CONVERSION = YES;
				GCC_WARN_ABOUT_RETURN_TYPE = YES_ERROR;
				GCC_WARN_UNDECLARED_SELECTOR = YES;
				GCC_WARN_UNINITIALIZED_AUTOS = YES_AGGRESSIVE;
				GCC_WARN_UNUSED_FUNCTION = YES;
				GCC_WARN_UNUSED_VARIABLE = YES;
				IPHONEOS_DEPLOYMENT_TARGET = 8.3;
				ONLY_ACTIVE_ARCH = YES;
				SDKROOT = iphoneos;
				TARGETED_DEVICE_FAMILY = "1,2";
			};
			name = Debug;
		};
		BC2A379C19397F9600C672B7 /* Release */ = {
			isa = XCBuildConfiguration;
			buildSettings = {
				ALWAYS_SEARCH_USER_PATHS = NO;
				CLANG_CXX_LANGUAGE_STANDARD = "gnu++0x";
				CLANG_CXX_LIBRARY = "libc++";
				CLANG_ENABLE_MODULES = YES;
				CLANG_ENABLE_OBJC_ARC = YES;
				CLANG_WARN_BOOL_CONVERSION = YES;
				CLANG_WARN_CONSTANT_CONVERSION = YES;
				CLANG_WARN_DIRECT_OBJC_ISA_USAGE = YES_ERROR;
				CLANG_WARN_EMPTY_BODY = YES;
				CLANG_WARN_ENUM_CONVERSION = YES;
				CLANG_WARN_INT_CONVERSION = YES;
				CLANG_WARN_OBJC_ROOT_CLASS = YES_ERROR;
				CLANG_WARN__DUPLICATE_METHOD_MATCH = YES;
				"CODE_SIGN_IDENTITY[sdk=iphoneos*]" = "iPhone Developer";
				COPY_PHASE_STRIP = YES;
				ENABLE_NS_ASSERTIONS = NO;
				GCC_C_LANGUAGE_STANDARD = gnu99;
				GCC_WARN_64_TO_32_BIT_CONVERSION = YES;
				GCC_WARN_ABOUT_RETURN_TYPE = YES_ERROR;
				GCC_WARN_UNDECLARED_SELECTOR = YES;
				GCC_WARN_UNINITIALIZED_AUTOS = YES_AGGRESSIVE;
				GCC_WARN_UNUSED_FUNCTION = YES;
				GCC_WARN_UNUSED_VARIABLE = YES;
				IPHONEOS_DEPLOYMENT_TARGET = 8.3;
				SDKROOT = iphoneos;
				TARGETED_DEVICE_FAMILY = "1,2";
				VALIDATE_PRODUCT = YES;
			};
			name = Release;
		};
		BC2A379E19397F9600C672B7 /* Debug */ = {
			isa = XCBuildConfiguration;
			baseConfigurationReference = F15AE65097E7E8161C0692A2 /* Pods-LKImagePickerControllerDemo.debug.xcconfig */;
			buildSettings = {
				ASSETCATALOG_COMPILER_APPICON_NAME = AppIcon;
				ASSETCATALOG_COMPILER_LAUNCHIMAGE_NAME = LaunchImage;
				GCC_PRECOMPILE_PREFIX_HEADER = YES;
				GCC_PREFIX_HEADER = "LKImagePickerControllerDemo/LKImagePickerControllerDemo-Prefix.pch";
				INFOPLIST_FILE = "LKImagePickerControllerDemo/LKImagePickerControllerDemo-Info.plist";
				IPHONEOS_DEPLOYMENT_TARGET = 8.3;
				PRODUCT_BUNDLE_IDENTIFIER = "jp.lakesoft.${PRODUCT_NAME:rfc1034identifier}";
				PRODUCT_NAME = "$(TARGET_NAME)";
				WRAPPER_EXTENSION = app;
			};
			name = Debug;
		};
		BC2A379F19397F9600C672B7 /* Release */ = {
			isa = XCBuildConfiguration;
			baseConfigurationReference = 221470A05E72C96C09EEDA87 /* Pods-LKImagePickerControllerDemo.release.xcconfig */;
			buildSettings = {
				ASSETCATALOG_COMPILER_APPICON_NAME = AppIcon;
				ASSETCATALOG_COMPILER_LAUNCHIMAGE_NAME = LaunchImage;
				GCC_PRECOMPILE_PREFIX_HEADER = YES;
				GCC_PREFIX_HEADER = "LKImagePickerControllerDemo/LKImagePickerControllerDemo-Prefix.pch";
				INFOPLIST_FILE = "LKImagePickerControllerDemo/LKImagePickerControllerDemo-Info.plist";
				IPHONEOS_DEPLOYMENT_TARGET = 8.3;
				PRODUCT_BUNDLE_IDENTIFIER = "jp.lakesoft.${PRODUCT_NAME:rfc1034identifier}";
				PRODUCT_NAME = "$(TARGET_NAME)";
				WRAPPER_EXTENSION = app;
			};
			name = Release;
		};
		BC2A37A119397F9600C672B7 /* Debug */ = {
			isa = XCBuildConfiguration;
			buildSettings = {
				BUNDLE_LOADER = "$(BUILT_PRODUCTS_DIR)/LKImagePickerControllerDemo.app/LKImagePickerControllerDemo";
				FRAMEWORK_SEARCH_PATHS = (
					"$(SDKROOT)/Developer/Library/Frameworks",
					"$(inherited)",
					"$(DEVELOPER_FRAMEWORKS_DIR)",
				);
				GCC_PRECOMPILE_PREFIX_HEADER = YES;
				GCC_PREFIX_HEADER = "LKImagePickerControllerDemo/LKImagePickerControllerDemo-Prefix.pch";
				GCC_PREPROCESSOR_DEFINITIONS = (
					"DEBUG=1",
					"$(inherited)",
				);
				INFOPLIST_FILE = "LKImagePickerControllerDemoTests/LKImagePickerControllerDemoTests-Info.plist";
				PRODUCT_BUNDLE_IDENTIFIER = "jp.lakesoft.${PRODUCT_NAME:rfc1034identifier}";
				PRODUCT_NAME = "$(TARGET_NAME)";
				TEST_HOST = "$(BUNDLE_LOADER)";
				WRAPPER_EXTENSION = xctest;
			};
			name = Debug;
		};
		BC2A37A219397F9600C672B7 /* Release */ = {
			isa = XCBuildConfiguration;
			buildSettings = {
				BUNDLE_LOADER = "$(BUILT_PRODUCTS_DIR)/LKImagePickerControllerDemo.app/LKImagePickerControllerDemo";
				FRAMEWORK_SEARCH_PATHS = (
					"$(SDKROOT)/Developer/Library/Frameworks",
					"$(inherited)",
					"$(DEVELOPER_FRAMEWORKS_DIR)",
				);
				GCC_PRECOMPILE_PREFIX_HEADER = YES;
				GCC_PREFIX_HEADER = "LKImagePickerControllerDemo/LKImagePickerControllerDemo-Prefix.pch";
				INFOPLIST_FILE = "LKImagePickerControllerDemoTests/LKImagePickerControllerDemoTests-Info.plist";
				PRODUCT_BUNDLE_IDENTIFIER = "jp.lakesoft.${PRODUCT_NAME:rfc1034identifier}";
				PRODUCT_NAME = "$(TARGET_NAME)";
				TEST_HOST = "$(BUNDLE_LOADER)";
				WRAPPER_EXTENSION = xctest;
			};
			name = Release;
		};
/* End XCBuildConfiguration section */

/* Begin XCConfigurationList section */
		BC074A1F1960D3A900144C47 /* Build configuration list for PBXNativeTarget "LKImagePickerController-Resources" */ = {
			isa = XCConfigurationList;
			buildConfigurations = (
				BC074A201960D3A900144C47 /* Debug */,
				BC074A211960D3A900144C47 /* Release */,
			);
			defaultConfigurationIsVisible = 0;
			defaultConfigurationName = Release;
		};
		BC2A376319397F9600C672B7 /* Build configuration list for PBXProject "LKImagePickerControllerDemo" */ = {
			isa = XCConfigurationList;
			buildConfigurations = (
				BC2A379B19397F9600C672B7 /* Debug */,
				BC2A379C19397F9600C672B7 /* Release */,
			);
			defaultConfigurationIsVisible = 0;
			defaultConfigurationName = Release;
		};
		BC2A379D19397F9600C672B7 /* Build configuration list for PBXNativeTarget "LKImagePickerControllerDemo" */ = {
			isa = XCConfigurationList;
			buildConfigurations = (
				BC2A379E19397F9600C672B7 /* Debug */,
				BC2A379F19397F9600C672B7 /* Release */,
			);
			defaultConfigurationIsVisible = 0;
			defaultConfigurationName = Release;
		};
		BC2A37A019397F9600C672B7 /* Build configuration list for PBXNativeTarget "LKImagePickerControllerDemoTests" */ = {
			isa = XCConfigurationList;
			buildConfigurations = (
				BC2A37A119397F9600C672B7 /* Debug */,
				BC2A37A219397F9600C672B7 /* Release */,
			);
			defaultConfigurationIsVisible = 0;
			defaultConfigurationName = Release;
		};
/* End XCConfigurationList section */
	};
	rootObject = BC2A376019397F9600C672B7 /* Project object */;
}
